
Microsoft Visual Studio Solution File, Format Version 12.00
Project("{FAE04EC0-301F-11D3-BF4B-00C04F79EFBC}") = "Domain", "Domain\Domain.csproj", "{AE2E5933-A945-4F4F-BEFA-DCDB6A792B1F}"
EndProject
Project("{FAE04EC0-301F-11D3-BF4B-00C04F79EFBC}") = "DataAccess", "DataAccess\DataAccess.csproj", "{895DE6E2-FEC3-4DAD-AF98-8A3EBD6F1657}"
EndProject
Project("{FAE04EC0-301F-11D3-BF4B-00C04F79EFBC}") = "UserInterface", "UserInterface\UserInterface.csproj", "{2F527C19-918D-48C8-ACCE-29671D32FE47}"
EndProject
Global
	GlobalSection(SolutionConfigurationPlatforms) = preSolution
		Debug|Any CPU = Debug|Any CPU
		Release|Any CPU = Release|Any CPU
	EndGlobalSection
	GlobalSection(ProjectConfigurationPlatforms) = postSolution
		{AE2E5933-A945-4F4F-BEFA-DCDB6A792B1F}.Debug|Any CPU.ActiveCfg = Debug|Any CPU
		{AE2E5933-A945-4F4F-BEFA-DCDB6A792B1F}.Debug|Any CPU.Build.0 = Debug|Any CPU
		{AE2E5933-A945-4F4F-BEFA-DCDB6A792B1F}.Release|Any CPU.ActiveCfg = Release|Any CPU
		{AE2E5933-A945-4F4F-BEFA-DCDB6A792B1F}.Release|Any CPU.Build.0 = Release|Any CPU
		{895DE6E2-FEC3-4DAD-AF98-8A3EBD6F1657}.Debug|Any CPU.ActiveCfg = Debug|Any CPU
		{895DE6E2-FEC3-4DAD-AF98-8A3EBD6F1657}.Debug|Any CPU.Build.0 = Debug|Any CPU
		{895DE6E2-FEC3-4DAD-AF98-8A3EBD6F1657}.Release|Any CPU.ActiveCfg = Release|Any CPU
		{895DE6E2-FEC3-4DAD-AF98-8A3EBD6F1657}.Release|Any CPU.Build.0 = Release|Any CPU
		{2F527C19-918D-48C8-ACCE-29671D32FE47}.Debug|Any CPU.ActiveCfg = Debug|Any CPU
		{2F527C19-918D-48C8-ACCE-29671D32FE47}.Debug|Any CPU.Build.0 = Debug|Any CPU
		{2F527C19-918D-48C8-ACCE-29671D32FE47}.Release|Any CPU.ActiveCfg = Release|Any CPU
		{2F527C19-918D-48C8-ACCE-29671D32FE47}.Release|Any CPU.Build.0 = Release|Any CPU
	EndGlobalSection
EndGlobal
